
Microsoft Visual Studio Solution File, Format Version 12.00
# Visual Studio Version 17
VisualStudioVersion = 17.9.34728.123
MinimumVisualStudioVersion = 10.0.40219.1
Project("{888888A0-9F3D-457C-B088-3A5042F75D52}") = "VerifTriangulos", "VerifTriangulos\VerifTriangulos.pyproj", "{9E43F079-99CF-43CF-8C31-2736D30238D9}"
EndProject
Global
	GlobalSection(SolutionConfigurationPlatforms) = preSolution
		Debug|Any CPU = Debug|Any CPU
		Release|Any CPU = Release|Any CPU
	EndGlobalSection
	GlobalSection(ProjectConfigurationPlatforms) = postSolution
		{9E43F079-99CF-43CF-8C31-2736D30238D9}.Debug|Any CPU.ActiveCfg = Debug|Any CPU
		{9E43F079-99CF-43CF-8C31-2736D30238D9}.Release|Any CPU.ActiveCfg = Release|Any CPU
	EndGlobalSection
	GlobalSection(SolutionProperties) = preSolution
		HideSolutionNode = FALSE
	EndGlobalSection
	GlobalSection(ExtensibilityGlobals) = postSolution
		SolutionGuid = {C05503E1-E1DC-4763-AF0C-1446349ADCF5}
	EndGlobalSection
EndGlobal
